
Microsoft Visual Studio Solution File, Format Version 12.00
Project("{FAE04EC0-301F-11D3-BF4B-00C04F79EFBC}") = "ConfirmationService.Host", "ConfirmationService.Host\ConfirmationService.Host.csproj", "{34FEB589-3510-4801-B5B4-63F61E60EBB4}"
EndProject
Project("{FAE04EC0-301F-11D3-BF4B-00C04F79EFBC}") = "ConfirmationService.BusinessLogic", "ConfirmationService.BusinessLogic\ConfirmationService.BusinessLogic.csproj", "{16BB4838-F678-4248-ABD4-C0B7798A8946}"
EndProject
Project("{FAE04EC0-301F-11D3-BF4B-00C04F79EFBC}") = "ConfirmationService.Infrastructure", "ConfirmationService.Infrastructure\ConfirmationService.Infrastructure.csproj", "{A96ADCCE-A4DC-414B-8DB3-E6D6A57E2150}"
EndProject
Project("{FAE04EC0-301F-11D3-BF4B-00C04F79EFBC}") = "ConfirmationService.Core", "ConfirmationService.Core\ConfirmationService.Core.csproj", "{F602B00D-7621-4C5A-9070-E56615ACE78B}"
EndProject
Project("{FAE04EC0-301F-11D3-BF4B-00C04F79EFBC}") = "ConfirmationService.Tests", "ConfirmationService.Tests\ConfirmationService.Tests.csproj", "{119A2F66-6880-4DE3-8364-09E11E785BBD}"
EndProject
Project("{FAE04EC0-301F-11D3-BF4B-00C04F79EFBC}") = "ConfirmationService.AspireHost", "ConfirmationService.AspireHost\ConfirmationService.AspireHost.csproj", "{D51117CC-9B1A-41A9-9A44-AF78DA97D4D1}"
EndProject
Project("{FAE04EC0-301F-11D3-BF4B-00C04F79EFBC}") = "ConfirmationService.AspireServices", "ConfirmationService.AspireServices\ConfirmationService.AspireServices.csproj", "{FD52EEA8-BC19-4C7F-91A0-A25DB26AD4B4}"
EndProject
Global
	GlobalSection(SolutionConfigurationPlatforms) = preSolution
		Debug|Any CPU = Debug|Any CPU
		Release|Any CPU = Release|Any CPU
	EndGlobalSection
	GlobalSection(ProjectConfigurationPlatforms) = postSolution
		{34FEB589-3510-4801-B5B4-63F61E60EBB4}.Debug|Any CPU.ActiveCfg = Debug|Any CPU
		{34FEB589-3510-4801-B5B4-63F61E60EBB4}.Debug|Any CPU.Build.0 = Debug|Any CPU
		{34FEB589-3510-4801-B5B4-63F61E60EBB4}.Release|Any CPU.ActiveCfg = Release|Any CPU
		{34FEB589-3510-4801-B5B4-63F61E60EBB4}.Release|Any CPU.Build.0 = Release|Any CPU
		{16BB4838-F678-4248-ABD4-C0B7798A8946}.Debug|Any CPU.ActiveCfg = Debug|Any CPU
		{16BB4838-F678-4248-ABD4-C0B7798A8946}.Debug|Any CPU.Build.0 = Debug|Any CPU
		{16BB4838-F678-4248-ABD4-C0B7798A8946}.Release|Any CPU.ActiveCfg = Release|Any CPU
		{16BB4838-F678-4248-ABD4-C0B7798A8946}.Release|Any CPU.Build.0 = Release|Any CPU
		{A96ADCCE-A4DC-414B-8DB3-E6D6A57E2150}.Debug|Any CPU.ActiveCfg = Debug|Any CPU
		{A96ADCCE-A4DC-414B-8DB3-E6D6A57E2150}.Debug|Any CPU.Build.0 = Debug|Any CPU
		{A96ADCCE-A4DC-414B-8DB3-E6D6A57E2150}.Release|Any CPU.ActiveCfg = Release|Any CPU
		{A96ADCCE-A4DC-414B-8DB3-E6D6A57E2150}.Release|Any CPU.Build.0 = Release|Any CPU
		{F602B00D-7621-4C5A-9070-E56615ACE78B}.Debug|Any CPU.ActiveCfg = Debug|Any CPU
		{F602B00D-7621-4C5A-9070-E56615ACE78B}.Debug|Any CPU.Build.0 = Debug|Any CPU
		{F602B00D-7621-4C5A-9070-E56615ACE78B}.Release|Any CPU.ActiveCfg = Release|Any CPU
		{F602B00D-7621-4C5A-9070-E56615ACE78B}.Release|Any CPU.Build.0 = Release|Any CPU
		{119A2F66-6880-4DE3-8364-09E11E785BBD}.Debug|Any CPU.ActiveCfg = Debug|Any CPU
		{119A2F66-6880-4DE3-8364-09E11E785BBD}.Debug|Any CPU.Build.0 = Debug|Any CPU
		{119A2F66-6880-4DE3-8364-09E11E785BBD}.Release|Any CPU.ActiveCfg = Release|Any CPU
		{119A2F66-6880-4DE3-8364-09E11E785BBD}.Release|Any CPU.Build.0 = Release|Any CPU
		{D51117CC-9B1A-41A9-9A44-AF78DA97D4D1}.Debug|Any CPU.ActiveCfg = Debug|Any CPU
		{D51117CC-9B1A-41A9-9A44-AF78DA97D4D1}.Debug|Any CPU.Build.0 = Debug|Any CPU
		{D51117CC-9B1A-41A9-9A44-AF78DA97D4D1}.Release|Any CPU.ActiveCfg = Release|Any CPU
		{D51117CC-9B1A-41A9-9A44-AF78DA97D4D1}.Release|Any CPU.Build.0 = Release|Any CPU
		{FD52EEA8-BC19-4C7F-91A0-A25DB26AD4B4}.Debug|Any CPU.ActiveCfg = Debug|Any CPU
		{FD52EEA8-BC19-4C7F-91A0-A25DB26AD4B4}.Debug|Any CPU.Build.0 = Debug|Any CPU
		{FD52EEA8-BC19-4C7F-91A0-A25DB26AD4B4}.Release|Any CPU.ActiveCfg = Release|Any CPU
		{FD52EEA8-BC19-4C7F-91A0-A25DB26AD4B4}.Release|Any CPU.Build.0 = Release|Any CPU
	EndGlobalSection
EndGlobal
